# This file is automatically @generated by Cargo.
# It is not intended for manual editing.
version = 4

[[package]]
name = "mycelium-cert"
version = "0.0.0"

[[package]]
name = "mycelium-core"
version = "0.0.0"

[[package]]
name = "mycelium-interp"
version = "0.0.0"

[[package]]
name = "mycelium-mlir"
version = "0.0.0"

[[package]]
name = "mycelium-vsa"
version = "0.0.0"

[[package]]
name = "xtask"
version = "0.0.0"
